
Microsoft Visual Studio Solution File, Format Version 12.00
# Visual Studio Version 16
VisualStudioVersion = 16.0.32602.291
MinimumVisualStudioVersion = 10.0.40219.1
Project("{FAE04EC0-301F-11D3-BF4B-00C04F79EFBC}") = "eCinemaAdmin", "eCinemaAdmin\eCinemaAdmin.csproj", "{35A9EC37-F18D-4BBE-83F3-90F88E0FA856}"
EndProject
Global
	GlobalSection(SolutionConfigurationPlatforms) = preSolution
		Debug|Any CPU = Debug|Any CPU
		Release|Any CPU = Release|Any CPU
	EndGlobalSection
	GlobalSection(ProjectConfigurationPlatforms) = postSolution
		{35A9EC37-F18D-4BBE-83F3-90F88E0FA856}.Debug|Any CPU.ActiveCfg = Debug|Any CPU
		{35A9EC37-F18D-4BBE-83F3-90F88E0FA856}.Debug|Any CPU.Build.0 = Debug|Any CPU
		{35A9EC37-F18D-4BBE-83F3-90F88E0FA856}.Release|Any CPU.ActiveCfg = Release|Any CPU
		{35A9EC37-F18D-4BBE-83F3-90F88E0FA856}.Release|Any CPU.Build.0 = Release|Any CPU
	EndGlobalSection
	GlobalSection(SolutionProperties) = preSolution
		HideSolutionNode = FALSE
	EndGlobalSection
	GlobalSection(ExtensibilityGlobals) = postSolution
		SolutionGuid = {6E0593D3-BAC9-4C2A-A798-30574FE31197}
	EndGlobalSection
EndGlobal
